
Microsoft Visual Studio Solution File, Format Version 12.00
# Visual Studio Version 16
VisualStudioVersion = 16.0.30320.27
MinimumVisualStudioVersion = 10.0.40219.1
Project("{9A19103F-16F7-4668-BE54-9A1E7A4F7556}") = "testQML", "testQML.csproj", "{22E61A82-1CBE-4DF9-B87D-2FB26BF06E70}"
EndProject
Global
	GlobalSection(SolutionConfigurationPlatforms) = preSolution
		Debug|Any CPU = Debug|Any CPU
		Release|Any CPU = Release|Any CPU
	EndGlobalSection
	GlobalSection(ProjectConfigurationPlatforms) = postSolution
		{22E61A82-1CBE-4DF9-B87D-2FB26BF06E70}.Debug|Any CPU.ActiveCfg = Debug|Any CPU
		{22E61A82-1CBE-4DF9-B87D-2FB26BF06E70}.Debug|Any CPU.Build.0 = Debug|Any CPU
		{22E61A82-1CBE-4DF9-B87D-2FB26BF06E70}.Release|Any CPU.ActiveCfg = Release|Any CPU
		{22E61A82-1CBE-4DF9-B87D-2FB26BF06E70}.Release|Any CPU.Build.0 = Release|Any CPU
	EndGlobalSection
	GlobalSection(SolutionProperties) = preSolution
		HideSolutionNode = FALSE
	EndGlobalSection
	GlobalSection(ExtensibilityGlobals) = postSolution
		SolutionGuid = {685E2860-A928-468E-8C3F-A9228060D64E}
	EndGlobalSection
EndGlobal
